
Microsoft Visual Studio Solution File, Format Version 12.00
# Visual Studio Version 16
VisualStudioVersion = 25.0.1706.7
MinimumVisualStudioVersion = 10.0.40219.1
Project("{FAE04EC0-301F-11D3-BF4B-00C04F79EFBC}") = "Problema 1", "Problema 1\Problema 1.csproj", "{D040CE81-E17D-4046-8C5A-DA83BF296628}"
EndProject
Global
	GlobalSection(SolutionConfigurationPlatforms) = preSolution
		Debug|Any CPU = Debug|Any CPU
		Release|Any CPU = Release|Any CPU
	EndGlobalSection
	GlobalSection(ProjectConfigurationPlatforms) = postSolution
		{D040CE81-E17D-4046-8C5A-DA83BF296628}.Debug|Any CPU.ActiveCfg = Debug|Any CPU
		{D040CE81-E17D-4046-8C5A-DA83BF296628}.Debug|Any CPU.Build.0 = Debug|Any CPU
		{D040CE81-E17D-4046-8C5A-DA83BF296628}.Release|Any CPU.ActiveCfg = Release|Any CPU
		{D040CE81-E17D-4046-8C5A-DA83BF296628}.Release|Any CPU.Build.0 = Release|Any CPU
	EndGlobalSection
	GlobalSection(SolutionProperties) = preSolution
		HideSolutionNode = FALSE
	EndGlobalSection
	GlobalSection(ExtensibilityGlobals) = postSolution
		SolutionGuid = {1303FA69-9DC7-4B56-B35C-FD6CF2DDDD49}
	EndGlobalSection
EndGlobal
